
Microsoft Visual Studio Solution File, Format Version 12.00
# Visual Studio Version 17
VisualStudioVersion = 17.4.33205.214
MinimumVisualStudioVersion = 10.0.40219.1
Project("{9A19103F-16F7-4668-BE54-9A1E7A4F7556}") = "Proyecto_TiffanyAguilarF", "Desafío1_TiffanyAguilarF\Proyecto_TiffanyAguilarF.csproj", "{8A13A319-44E4-4293-81E8-556272D8A5DC}"
EndProject
Project("{2150E333-8FDC-42A3-9474-1A3956D46DE8}") = "Elementos de la solución", "Elementos de la solución", "{800F1D02-6A45-4104-9CA9-DB200565CB3A}"
EndProject
Global
	GlobalSection(SolutionConfigurationPlatforms) = preSolution
		Debug|Any CPU = Debug|Any CPU
		Release|Any CPU = Release|Any CPU
	EndGlobalSection
	GlobalSection(ProjectConfigurationPlatforms) = postSolution
		{8A13A319-44E4-4293-81E8-556272D8A5DC}.Debug|Any CPU.ActiveCfg = Debug|Any CPU
		{8A13A319-44E4-4293-81E8-556272D8A5DC}.Debug|Any CPU.Build.0 = Debug|Any CPU
		{8A13A319-44E4-4293-81E8-556272D8A5DC}.Release|Any CPU.ActiveCfg = Release|Any CPU
		{8A13A319-44E4-4293-81E8-556272D8A5DC}.Release|Any CPU.Build.0 = Release|Any CPU
	EndGlobalSection
	GlobalSection(SolutionProperties) = preSolution
		HideSolutionNode = FALSE
	EndGlobalSection
	GlobalSection(ExtensibilityGlobals) = postSolution
		SolutionGuid = {8A29F10F-8281-4DE9-9B8C-BB2118E251EF}
	EndGlobalSection
EndGlobal
